
Microsoft Visual Studio Solution File, Format Version 11.00
# Visual Studio 2010
Project("{FAE04EC0-301F-11D3-BF4B-00C04F79EFBC}") = "Assembly-CSharp", "Assembly-CSharp.csproj", "{483b3bc1-7b7b-f185-6b17-540537e9a7cd}"
EndProject
Project("{FAE04EC0-301F-11D3-BF4B-00C04F79EFBC}") = "Assembly-CSharp", "Assembly-CSharp.Player.csproj", "{f015a14c-00f7-750b-2842-32ae897bb7df}"
EndProject
Global
	GlobalSection(SolutionConfigurationPlatforms) = preSolution
		Debug|Any CPU = Debug|Any CPU
	EndGlobalSection
	GlobalSection(ProjectConfigurationPlatforms) = postSolution
		{483b3bc1-7b7b-f185-6b17-540537e9a7cd}.Debug|Any CPU.ActiveCfg = Debug|Any CPU
		{483b3bc1-7b7b-f185-6b17-540537e9a7cd}.Debug|Any CPU.Build.0 = Debug|Any CPU
		{f015a14c-00f7-750b-2842-32ae897bb7df}.Debug|Any CPU.ActiveCfg = Debug|Any CPU
		{f015a14c-00f7-750b-2842-32ae897bb7df}.Debug|Any CPU.Build.0 = Debug|Any CPU
	EndGlobalSection
	GlobalSection(SolutionProperties) = preSolution
		HideSolutionNode = FALSE
	EndGlobalSection
EndGlobal
